
Microsoft Visual Studio Solution File, Format Version 12.00
# Visual Studio 15
Project("{FAE04EC0-301F-11D3-BF4B-00C04F79EFBC}") = "AnimalMagic.Web", "AnimalMagic.Web\AnimalMagic.Web.csproj", "{61ACA21D-78DD-4A85-B760-8B6BCC6C19C6}"
EndProject
Project("{FAE04EC0-301F-11D3-BF4B-00C04F79EFBC}") = "AnimalMagic.Data", "AnimalMagic.Data\AnimalMagic.Data.csproj", "{13879C3F-8993-4E60-9512-628FD42FBE22}"
EndProject
Project("{FAE04EC0-301F-11D3-BF4B-00C04F79EFBC}") = "AnimalMagic.Entity", "AnimalMagic.Entity\AnimalMagic.Entity.csproj", "{8C3C61C4-F452-48E8-83E7-1B881604B53D}"
EndProject
Project("{FAE04EC0-301F-11D3-BF4B-00C04F79EFBC}") = "AnimalMagic.Test", "AnimalMagic.Test\AnimalMagic.Test.csproj", "{C54E62A4-0AB4-44A8-BAAE-66716FEF601B}"
EndProject
Project("{FAE04EC0-301F-11D3-BF4B-00C04F79EFBC}") = "AnimalMagic.Business", "AnimalMagic.Business\AnimalMagic.Business.csproj", "{150A157B-A4A6-43EF-A14B-E05C8D028B99}"
EndProject
Global
	GlobalSection(SolutionConfigurationPlatforms) = preSolution
		Debug|Any CPU = Debug|Any CPU
		Release|Any CPU = Release|Any CPU
	EndGlobalSection
	GlobalSection(ProjectConfigurationPlatforms) = postSolution
		{61ACA21D-78DD-4A85-B760-8B6BCC6C19C6}.Debug|Any CPU.ActiveCfg = Debug|Any CPU
		{61ACA21D-78DD-4A85-B760-8B6BCC6C19C6}.Debug|Any CPU.Build.0 = Debug|Any CPU
		{61ACA21D-78DD-4A85-B760-8B6BCC6C19C6}.Release|Any CPU.ActiveCfg = Release|Any CPU
		{61ACA21D-78DD-4A85-B760-8B6BCC6C19C6}.Release|Any CPU.Build.0 = Release|Any CPU
		{13879C3F-8993-4E60-9512-628FD42FBE22}.Debug|Any CPU.ActiveCfg = Debug|Any CPU
		{13879C3F-8993-4E60-9512-628FD42FBE22}.Debug|Any CPU.Build.0 = Debug|Any CPU
		{13879C3F-8993-4E60-9512-628FD42FBE22}.Release|Any CPU.ActiveCfg = Release|Any CPU
		{13879C3F-8993-4E60-9512-628FD42FBE22}.Release|Any CPU.Build.0 = Release|Any CPU
		{8C3C61C4-F452-48E8-83E7-1B881604B53D}.Debug|Any CPU.ActiveCfg = Debug|Any CPU
		{8C3C61C4-F452-48E8-83E7-1B881604B53D}.Debug|Any CPU.Build.0 = Debug|Any CPU
		{8C3C61C4-F452-48E8-83E7-1B881604B53D}.Release|Any CPU.ActiveCfg = Release|Any CPU
		{8C3C61C4-F452-48E8-83E7-1B881604B53D}.Release|Any CPU.Build.0 = Release|Any CPU
		{C54E62A4-0AB4-44A8-BAAE-66716FEF601B}.Debug|Any CPU.ActiveCfg = Debug|Any CPU
		{C54E62A4-0AB4-44A8-BAAE-66716FEF601B}.Debug|Any CPU.Build.0 = Debug|Any CPU
		{C54E62A4-0AB4-44A8-BAAE-66716FEF601B}.Release|Any CPU.ActiveCfg = Release|Any CPU
		{C54E62A4-0AB4-44A8-BAAE-66716FEF601B}.Release|Any CPU.Build.0 = Release|Any CPU
		{150A157B-A4A6-43EF-A14B-E05C8D028B99}.Debug|Any CPU.ActiveCfg = Debug|Any CPU
		{150A157B-A4A6-43EF-A14B-E05C8D028B99}.Debug|Any CPU.Build.0 = Debug|Any CPU
		{150A157B-A4A6-43EF-A14B-E05C8D028B99}.Release|Any CPU.ActiveCfg = Release|Any CPU
		{150A157B-A4A6-43EF-A14B-E05C8D028B99}.Release|Any CPU.Build.0 = Release|Any CPU
	EndGlobalSection
EndGlobal
